github.com/Financial-Times/annotations-rw-neo4j v0.1.8-rc.3.0.20170920131211-9f6ef5ae4ae1 h1:AHjdHsdUNjPJIufM2dSfcShfG4I/lABgVqCPbo1LLFs=
github.com/Financial-Times/annotations-rw-neo4j v0.1.8-rc.3.0.20170920131211-9f6ef5ae4ae1/go.mod h1:6di5WvJCaybB2fvUxCa8/j9qeEpDDlM6qxjhAZCUczQ=
github.com/Financial-Times/api-endpoint v0.0.0-20170713111258-802a63542ff0 h1:LeteTAW43XPwJxzKFVYw2GGbC/EAi2/k09+QBsB2TiI=
github.com/Financial-Times/api-endpoint v0.0.0-20170713111258-802a63542ff0/go.mod h1:qpLKxPcad+pl1zmQAMDCxwf4pDp+ggRmvKDDI5s6ZjU=
github.com/Financial-Times/base-ft-rw-app-go v0.0.0-20171010162315-74eab27b0c6d h1:p6erLN58Pymv7XgCzOnZaH2ZHJ+vNqH7dPPP2p6qNwo=
github.com/Financial-Times/base-ft-rw-app-go v0.0.0-20171010162315-74eab27b0c6d/go.mod h1:olJfPwdMPV/SJUrv4J+9gI9yaj7d24vXF2GNisFRCOg=
github.com/Financial-Times/concepts-rw-neo4j v0.0.0-20171003154332-a66a50749e57 h1:d359pSLFs/IFCUJLBz1RYM106Z8Id6mlXzLtv5pRmgc=
github.com/Financial-Times/concepts-rw-neo4j v0.0.0-20171003154332-a66a50749e57/go.mod h1:9W4IH/hxBJamlQZN8OlHyTposgnV/garS6r2FBBz7J4=
github.com/Financial-Times/content-rw-neo4j v1.0.3-0.20171011115956-641ce08b0417 h1:LBYhP5ZsLR52Ylp1zYnxnWOsyKnZQHnj7Un9/ujtiqI=
github.com/Financial-Times/content-rw-neo4j v1.0.3-0.20171011115956-641ce08b0417/go.mod h1:TU5tuPvdTnZ2yhW2+BAlXPk/bqh1B5PBqwqPiYyRTqE=
github.com/Financial-Times/financial-instruments-rw-neo4j v0.0.4-0.20170725130533-fedc405769c8 h1:1V0cME981k3khc2HM0dai3E3pPy/pyD8DWKKDFa0HBI=
github.com/Financial-Times/financial-instruments-rw-neo4j v0.0.4-0.20170725130533-fedc405769c8/go.mod h1:P9PFST1MvRTfzum41fruN34IX5TFLx8xE3EwWQ7Ql7s=
github.com/Financial-Times/go-fthealth v0.0.0-20170525095041-e7ccca038327 h1:DeqBOBhqIZG90jr+A+pYR1+Zt0TBZwD5fR+yqJH5EcA=
github.com/Financial-Times/go-fthealth v0.0.0-20170525095041-e7ccca038327/go.mod h1:gpAzq6W5rCheYlY32JOIxS/VjVcYHbC2PkMzQngHT9c=
github.com/Financial-Times/go-logger v0.0.0-20170914081945-83fc3e64dc55 h1:+/OZNdWdTPM7A7JxR/8ul1QZgXYfPxJdo6iIcK3K17I=
github.com/Financial-Times/go-logger v0.0.0-20170914081945-83fc3e64dc55/go.mod h1:NI4Dg39A21H57YC2nG8C42C6ENz/YVsI0jMQWngJzR0=
github.com/Financial-Times/http-handlers-go v0.0.0-20170809121007-229ac16f1d9e h1:/Y2wrSfkueFmdOIyQSABebfEe5P+yFyxBnmtnx1C0HM=
github.com/Financial-Times/http-handlers-go v0.0.0-20170809121007-229ac16f1d9e/go.mod h1:sAkXv1oPYgNTYBYsYs83HwpYp7R50mvgBGGcsOlJtOw=
github.com/Financial-Times/neo-model-utils-go v0.0.0-20170405082310-1a5407658c84 h1:0PHHlnZ4Ttumwk6/LtvHcZPuY7k9zj/aCI3x4nZME9w=
github.com/Financial-Times/neo-model-utils-go v0.0.0-20170405082310-1a5407658c84/go.mod h1:HdCuBcOftPWj3SBix/6H9NbPQpur9F7stSF0MEROMcU=
github.com/Financial-Times/neo-utils-go v0.0.0-20170822152035-5cb175009654 h1:fxa0KvttJ8hE7ccYi0sWrrLWTffXkmS3R1ku8iw9Lb0=
github.com/Financial-Times/neo-utils-go v0.0.0-20170822152035-5cb175009654/go.mod h1:LF1qICt4PuWDINYtXL4WXU595WTKReIBwV6obcncNBI=
github.com/Financial-Times/organisations-rw-neo4j v0.0.0-20170901151145-1dce3ba256e3 h1:o0twKN+40s5WnfBb5u3l3zEiWFf9zqgUrzw7bUNjgVw=
github.com/Financial-Times/organisations-rw-neo4j v0.0.0-20170901151145-1dce3ba256e3/go.mod h1:28RtmxTY3zP7rQCLGbNr5WDk8Q6xO0YYXnHVL8iZ76E=
github.com/Financial-Times/service-status-go v0.0.0-20160323111542-3f5199736a3d h1:USNBTIof6vWGM49SYrxvC5Y8NqyDL3YuuYmID81ORZQ=
github.com/Financial-Times/service-status-go v0.0.0-20160323111542-3f5199736a3d/go.mod h1:7zULC9rrq6KxFkpB3Y5zNVaEwrf1g2m3dvXJBPDXyvM=
github.com/Financial-Times/transactionid-utils-go v0.2.0 h1:YcET5Hd1fUGWWpQSVszYUlAc15ca8tmjRetUuQKRqEQ=
github.com/Financial-Times/transactionid-utils-go v0.2.0/go.mod h1:tPAcAFs/dR6Q7hBDGNyUyixHRvg/n9NW/JTq8C58oZ0=
github.com/Financial-Times/up-rw-app-api-go v0.0.0-20170710125828-d9d93a1f6895 h1:UkmfGpvzyZAnwhPq95hKHg0MjSo2fRUxAIwnx/7JFos=
github.com/Financial-Times/up-rw-app-api-go v0.0.0-20170710125828-d9d93a1f6895/go.mod h1:4gFzx5u4779W7H0DI9EO25+kyLDVlDQPHFQwprijX8Y=
github.com/cyberdelia/go-metrics-graphite v0.0.0-20161219230853-39f87cc3b432 h1:M5QgkYacWj0Xs8MhpIK/5uwU02icXpEoSo9sM2aRCps=
github.com/cyberdelia/go-metrics-graphite v0.0.0-20161219230853-39f87cc3b432/go.mod h1:xwIwAxMvYnVrGJPe2FKx5prTrnAjGOD8zvDOnxnrrkM=
github.com/davecgh/go-spew v1.1.0/go.mod h1:J7Y8YcW2NihsgmVo/mv3lAwl/skON4iLHjSsI+c5H38=
github.com/davecgh/go-spew v1.1.1 h1:vj9j/u1bqnvCEfJOwUhtlOARqs3+rkHYY13jYWTU97c=
github.com/davecgh/go-spew v1.1.1/go.mod h1:J7Y8YcW2NihsgmVo/mv3lAwl/skON4iLHjSsI+c5H38=
github.com/fsnotify/fsnotify v1.4.7 h1:IXs+QLmnXW2CcXuY+8Mzv/fWEsPGWxqefPtCP5CnV9I=
github.com/fsnotify/fsnotify v1.4.7/go.mod h1:jwhsz4b93w/PPRr/qN1Yymfu8t87LnFCMoQvtojpjFo=
github.com/golang/protobuf v1.2.0 h1:P3YflyNX/ehuJFLhxviNdFxQPkGK5cDcApsge1SqnvM=
github.com/golang/protobuf v1.2.0/go.mod h1:6lQm79b+lXiMfvg/cZm0SGofjICqVBUtrP5yJMmIC1U=
github.com/gorilla/context v1.1.1 h1:AWwleXJkX/nhcU9bZSnZoi3h/qGYqQAGhq6zZe/aQW8=
github.com/gorilla/context v1.1.1/go.mod h1:kBGZzfjB9CEq2AlWe17Uuf7NDRt0dE0s8S51q0aT7Yg=
github.com/gorilla/handlers v1.2.2-0.20170602151648-a4d79d4487c2 h1:W5f4zlmLUxG/qBCAK7/KPnZh2N+TB7mVQDEhEWExHn4=
github.com/gorilla/handlers v1.2.2-0.20170602151648-a4d79d4487c2/go.mod h1:Qkdc/uu4tH4g6mTK6auzZ766c4CA0Ng8+o/OAirnOIQ=
github.com/gorilla/mux v1.5.1-0.20171020034700-7625a85c14e6 h1:nxDfngWBqiB4WaghjrMciLETCeCXiLBsk6wxXJ2T17A=
github.com/gorilla/mux v1.5.1-0.20171020034700-7625a85c14e6/go.mod h1:1lud6UwP+6orDFRuTfBEV8e9/aOM/c4fVVCaMa2zaAs=
github.com/hashicorp/go-version v0.0.0-20170914154128-fc61389e27c7 h1:Tijq+ZHupzK8WfomfH2s5dpKkpZd2TcN2i1LDbzWbwk=
github.com/hashicorp/go-version v0.0.0-20170914154128-fc61389e27c7/go.mod h1:fltr4n8CU8Ke44wwGCBoEymUuxUHl09ZGVZPK5anwXA=
github.com/hpcloud/tail v1.0.0 h1:nfCOvKYfkgYP8hkirhJocXT2+zOD8yUNjXaWfTlyFKI=
github.com/hpcloud/tail v1.0.0/go.mod h1:ab1qPbhIpdTxEkNHXyeSf5vhxWSCs/tWer42PpOxQnU=
github.com/jawher/mow.cli v1.0.3-0.20171025113933-08e2d552570d h1:Jwz+ErtPU27DeQbZQm+nVRqABiQD1Zq1xJkZ3nTurE0=
github.com/jawher/mow.cli v1.0.3-0.20171025113933-08e2d552570d/go.mod h1:5hQj2V8g+qYmLUVWqu4Wuja1pI57M83EChYLVZ0sMKk=
github.com/jmcvetta/neoism v1.3.2-0.20170306104137-4674154f870d h1:B1uEYDqE2VsEiULTfuS0g4L20HTha5jTn0r18eIyZPo=
github.com/jmcvetta/neoism v1.3.2-0.20170306104137-4674154f870d/go.mod h1:oo187spiW9p7dZGW+sMS+rOICd2fqFT9Oc/LdrFz7Kg=
github.com/jmcvetta/randutil v0.0.0-20150817122601-2bb1b664bcff h1:6NvhExg4omUC9NfA+l4Oq3ibNNeJUdiAF3iBVB0PlDk=
github.com/jmcvetta/randutil v0.0.0-20150817122601-2bb1b664bcff/go.mod h1:ddfPX8Z28YMjiqoaJhNBzWHapTHXejnB5cDCUWDwriw=
github.com/joho/godotenv v1.3.0 h1:Zjp+RcGpHhGlrMbJzXTrZZPrWj+1vfm90La1wgB6Bhc=
github.com/joho/godotenv v1.3.0/go.mod h1:7hK45KPybAkOC6peb+G5yklZfMxEjkZhHbwpqxOKXbg=
github.com/kr/pretty v0.0.0-20160823170715-cfb55aafdaf3 h1:dhwb1Ev84SKKVBfLuhR4bw/29yYHzwtTyTLUWWnvYxI=
github.com/kr/pretty v0.0.0-20160823170715-cfb55aafdaf3/go.mod h1:Bvhd+E3laJ0AVkG0c9rmtZcnhV0HQ3+c3YxxqTvc/gA=
github.com/kr/text v0.0.0-20160504234017-7cafcd837844 h1:kpzneEBeC0dMewP3gr/fADv1OlblH9r1goWVwpOt3TU=
github.com/kr/text v0.0.0-20160504234017-7cafcd837844/go.mod h1:sjUstKUATFIcff4qlB53Kml0wQPtJVc/3fWrmuUmcfA=
github.com/onsi/ginkgo v1.6.0/go.mod h1:lLunBs/Ym6LB5Z9jYTR76FiuTmxDTDusOGeTQH+WWjE=
github.com/onsi/ginkgo v1.10.3 h1:OoxbjfXVZyod1fmWYhI7SEyaD8B00ynP3T+D5GiyHOY=
github.com/onsi/ginkgo v1.10.3/go.mod h1:lLunBs/Ym6LB5Z9jYTR76FiuTmxDTDusOGeTQH+WWjE=
github.com/onsi/gomega v1.7.1 h1:K0jcRCwNQM3vFGh1ppMtDh/+7ApJrjldlX8fA0jDTLQ=
github.com/onsi/gomega v1.7.1/go.mod h1:XdKZgCCFLUoM/7CFJVPcG8C1xQ1AJ0vpAezJrB7JYyY=
github.com/pborman/uuid v0.0.0-20170612153648-e790cca94e6c h1:MUyE44mTvnI5A0xrxIxaMqoWFzPfQvtE2IWUollMDMs=
github.com/pborman/uuid v0.0.0-20170612153648-e790cca94e6c/go.mod h1:VyrYX9gd7irzKovcSS6BIIEwPRkP2Wm2m9ufcdFSJ34=
github.com/pkg/errors v0.8.1-0.20171018195549-f15c970de5b7 h1:RcqIXZDN7Vz5lgK7+0h3MFF2JNgEu4h91palXJLJ354=
github.com/pkg/errors v0.8.1-0.20171018195549-f15c970de5b7/go.mod h1:bwawxfHBFNV+L2hUp1rHADufV3IMtnDRdf1r5NINEl0=
github.com/pmezard/go-difflib v1.0.0 h1:4DBwDE0NGyQoBHbLQYPwSUPoCMWR5BEzIk/f1lZbAQM=
github.com/pmezard/go-difflib v1.0.0/go.mod h1:iKH77koFhYxTK1pcRnkKkqfTogsbg7gZNVY4sRDYZ/4=
github.com/rcrowley/go-metrics v0.0.0-20161128210544-1f30fe9094a5 h1:gwcdIpH6NU2iF8CmcqD+CP6+1CkRBOhHaPR+iu6raBY=
github.com/rcrowley/go-metrics v0.0.0-20161128210544-1f30fe9094a5/go.mod h1:bCqnVzQkZxMG4s8nGwiZ5l3QUCyqpo9Y+/ZMZ9VjZe4=
github.com/sethgrid/pester v0.0.0-20160429172022-8053687f9965 h1:CVUVjCP3kUHeWcXTlE32/ehkYA7+YfnhuR40D2O9ymA=
github.com/sethgrid/pester v0.0.0-20160429172022-8053687f9965/go.mod h1:Ad7IjTpvzZO8Fl0vh9AzQ+j/jYZfyp2diGwI8m5q+ns=
github.com/sirupsen/logrus v1.0.4-0.20170822132746-89742aefa4b2 h1:a07zp0wovcAE2jH+wlD22JLqUH6Rdl8Aon+NiyPxE+0=
github.com/sirupsen/logrus v1.0.4-0.20170822132746-89742aefa4b2/go.mod h1:pMByvHTf9Beacp5x1UXfOR9xyW/9antXMhjMPG0dEzc=
github.com/spaolacci/murmur3 v0.0.0-20170806121338-4ec5a0f56d4f h1:wycopKZwjIhdAcsqLGj90K0uPYIUy/YXKjUlFnl1R7M=
github.com/spaolacci/murmur3 v0.0.0-20170806121338-4ec5a0f56d4f/go.mod h1:JwIasOWyU6f++ZhiEuf87xNszmSA2myDM2Kzu9HwQUA=
github.com/stretchr/objx v0.1.0/go.mod h1:HFkY916IF+rwdDfMAkV7OtwuqBVzrE8GR6GFx+wExME=
github.com/stretchr/objx v0.2.0 h1:Hbg2NidpLE8veEBkEZTL3CvlkUIVzuU9jDplZO54c48=
github.com/stretchr/objx v0.2.0/go.mod h1:qt09Ya8vawLte6SNmTgCsAVtYtaKzEcn8ATUoHMkEqE=
github.com/stretchr/testify v1.3.0 h1:TivCn/peBQ7UY8ooIcPgZFpTNSz0Q2U6UrFlUfqbe0Q=
github.com/stretchr/testify v1.3.0/go.mod h1:M5WIy9Dh21IEIfnGCwXGc5bZfKNJtfHm1UVUgZn+9EI=
github.com/ugorji/go v0.0.0-20170620104852-5efa3251c7f7 h1:VtqNxrWGmleRhhDwCE2E98hD6Qn47lM06TOq4NTF9h0=
github.com/ugorji/go v0.0.0-20170620104852-5efa3251c7f7/go.mod h1:hnLbHMwcvSihnDhEfx2/BzKp2xb0Y+ErdfYcrs9tkJQ=
go4.org v0.0.0-20170525132722-034d17a462f7 h1:OU1PCWusnwiXou0mwKMzZL2Pq7VBIbwwAEqKLc6aH1Q=
go4.org v0.0.0-20170525132722-034d17a462f7/go.mod h1:MkTOUMDaeVYJUOUsaDXIhWPZYa1yOyC1qaOBpL57BhE=
golang.org/x/crypto v0.0.0-20171023145632-2509b142fb2b h1:vXxKaRjFiMao1tDygYZfT9iEZkE49b7scEND45gopd0=
golang.org/x/crypto v0.0.0-20171023145632-2509b142fb2b/go.mod h1:6SG95UA2DQfeDnfUPMdvaQW0Q7yPrPDi9nlGo2tz2b4=
golang.org/x/net v0.0.0-20180906233101-161cd47e91fd h1:nTDtHvHSdCn1m6ITfMRqtOd/9+7a3s8RBNOZ3eYZzJA=
golang.org/x/net v0.0.0-20180906233101-161cd47e91fd/go.mod h1:mL1N/T3taQHkDXs73rZJwtUhF3w3ftmwwsq0BUmARs4=
golang.org/x/sync v0.0.0-20180314180146-1d60e4601c6f h1:wMNYb4v58l5UBM7MYRLPG6ZhfOqbKu7X5eyFl8ZhKvA=
golang.org/x/sync v0.0.0-20180314180146-1d60e4601c6f/go.mod h1:RxMgew5VJxzue5/jJTE5uejpjVlOe/izrB70Jof72aM=
golang.org/x/sys v0.0.0-20180909124046-d0be0721c37e h1:o3PsSEY8E4eXWkXrIP9YJALUkVZqzHJT5DOasTyn8Vs=
golang.org/x/sys v0.0.0-20180909124046-d0be0721c37e/go.mod h1:STP8DvDyc/dI5b8T5hshtkjS+E42TnysNCUPdjciGhY=
golang.org/x/text v0.3.0 h1:g61tztE5qeGQ89tm6NTjjM9VPIm088od1l6aSorWRWg=
golang.org/x/text v0.3.0/go.mod h1:NqM8EUOU14njkJ3fqMW+pc6Ldnwhi/IjpwHt7yyuwOQ=
gopkg.in/airbrake/gobrake.v2 v2.0.9 h1:7z2uVWwn7oVeeugY1DtlPAy5H+KYgB1KeKTnqjNatLo=
gopkg.in/airbrake/gobrake.v2 v2.0.9/go.mod h1:/h5ZAUhDkGaJfjzjKLSjv6zCL6O0LLBxU4K+aSYdM/U=
gopkg.in/check.v1 v0.0.0-20161208181325-20d25e280405/go.mod h1:Co6ibVJAznAaIkqp8huTwlJQCZ016jof/cbN4VW5Yz0=
gopkg.in/check.v1 v1.0.0-20190902080502-41f04d3bba15 h1:YR8cESwS4TdDjEe65xsg0ogRM/Nc3DYOhEAlW+xobZo=
gopkg.in/check.v1 v1.0.0-20190902080502-41f04d3bba15/go.mod h1:Co6ibVJAznAaIkqp8huTwlJQCZ016jof/cbN4VW5Yz0=
gopkg.in/fsnotify.v1 v1.4.7 h1:xOHLXZwVvI9hhs+cLKq5+I5onOuwQLhQwiu63xxlHs4=
gopkg.in/fsnotify.v1 v1.4.7/go.mod h1:Tz8NjZHkW78fSQdbUxIjBTcgA1z1m8ZHf0WmKUhAMys=
gopkg.in/gemnasium/logrus-airbrake-hook.v2 v2.1.2 h1:OAj3g0cR6Dx/R07QgQe8wkA9RNjB2u4i700xBkIT4e0=
gopkg.in/gemnasium/logrus-airbrake-hook.v2 v2.1.2/go.mod h1:Xk6kEKp8OKb+X14hQBKWaSkCsqBpgog8nAV2xsGOxlo=
gopkg.in/jmcvetta/napping.v3 v3.2.0 h1:NpSZLAL6VgiyhdqaOkxwVtHXOLrQJZ6fFOMQgp7G8PQ=
gopkg.in/jmcvetta/napping.v3 v3.2.0/go.mod h1:0dPR4/IGM4+xGT+e48O2yJlg6qofrONCtEAWkurVlZQ=
gopkg.in/tomb.v1 v1.0.0-20141024135613-dd632973f1e7 h1:uRGJdciOHaEIrze2W8Q3AKkepLTh2hOroT7a+7czfdQ=
gopkg.in/tomb.v1 v1.0.0-20141024135613-dd632973f1e7/go.mod h1:dt/ZhP58zS4L8KSrWDmTeBkI65Dw0HsyUHuEVlX15mw=
gopkg.in/yaml.v2 v2.2.4 h1:/eiJrUcujPVeJ3xlSWaiNi3uSVmDGBK1pDHUHAnao1I=
gopkg.in/yaml.v2 v2.2.4/go.mod h1:hI93XBmqTisBFMUTm0b8Fm+jr3Dg1NNxqwp+5A1VGuI=
